// !$*UTF8*$!
{
	archiveVersion = 1;
	classes = {
	};
	objectVersion = 55;
	objects = {

/* Begin PBXBuildFile section */
		742711872A8BA63200AEAAB9 /* WesplitApp.swift in Sources */ = {isa = PBXBuildFile; fileRef = 742711862A8BA63200AEAAB9 /* WesplitApp.swift */; };
		742711892A8BA63200AEAAB9 /* ContentView.swift in Sources */ = {isa = PBXBuildFile; fileRef = 742711882A8BA63200AEAAB9 /* ContentView.swift */; };
		7427118B2A8BA63300AEAAB9 /* Assets.xcassets in Resources */ = {isa = PBXBuildFile; fileRef = 7427118A2A8BA63300AEAAB9 /* Assets.xcassets */; };
		7427118E2A8BA63300AEAAB9 /* Preview Assets.xcassets in Resources */ = {isa = PBXBuildFile; fileRef = 7427118D2A8BA63300AEAAB9 /* Preview Assets.xcassets */; };
		742711982A8BA63300AEAAB9 /* WesplitTests.swift in Sources */ = {isa = PBXBuildFile; fileRef = 742711972A8BA63300AEAAB9 /* WesplitTests.swift */; };
		742711A22A8BA63300AEAAB9 /* WesplitUITests.swift in Sources */ = {isa = PBXBuildFile; fileRef = 742711A12A8BA63300AEAAB9 /* WesplitUITests.swift */; };
		742711A42A8BA63300AEAAB9 /* WesplitUITestsLaunchTests.swift in Sources */ = {isa = PBXBuildFile; fileRef = 742711A32A8BA63300AEAAB9 /* WesplitUITestsLaunchTests.swift */; };
/* End PBXBuildFile section */

/* Begin PBXContainerItemProxy section */
		742711942A8BA63300AEAAB9 /* PBXContainerItemProxy */ = {
			isa = PBXContainerItemProxy;
			containerPortal = 7427117B2A8BA63200AEAAB9 /* Project object */;
			proxyType = 1;
			remoteGlobalIDString = 742711822A8BA63200AEAAB9;
			remoteInfo = Wesplit;
		};
		7427119E2A8BA63300AEAAB9 /* PBXContainerItemProxy */ = {
			isa = PBXContainerItemProxy;
			containerPortal = 7427117B2A8BA63200AEAAB9 /* Project object */;
			proxyType = 1;
			remoteGlobalIDString = 742711822A8BA63200AEAAB9;
			remoteInfo = Wesplit;
		};
/* End PBXContainerItemProxy section */

/* Begin PBXFileReference section */
		742711832A8BA63200AEAAB9 /* Wesplit.app */ = {isa = PBXFileReference; explicitFileType = wrapper.application; includeInIndex = 0; path = Wesplit.app; sourceTree = BUILT_PRODUCTS_DIR; };
		742711862A8BA63200AEAAB9 /* WesplitApp.swift */ = {isa = PBXFileReference; lastKnownFileType = sourcecode.swift; path = WesplitApp.swift; sourceTree = "<group>"; };
		742711882A8BA63200AEAAB9 /* ContentView.swift */ = {isa = PBXFileReference; lastKnownFileType = sourcecode.swift; path = ContentView.swift; sourceTree = "<group>"; };
		7427118A2A8BA63300AEAAB9 /* Assets.xcassets */ = {isa = PBXFileReference; lastKnownFileType = folder.assetcatalog; path = Assets.xcassets; sourceTree = "<group>"; };
		7427118D2A8BA63300AEAAB9 /* Preview Assets.xcassets */ = {isa = PBXFileReference; lastKnownFileType = folder.assetcatalog; path = "Preview Assets.xcassets"; sourceTree = "<group>"; };
		742711932A8BA63300AEAAB9 /* WesplitTests.xctest */ = {isa = PBXFileReference; explicitFileType = wrapper.cfbundle; includeInIndex = 0; path = WesplitTests.xctest; sourceTree = BUILT_PRODUCTS_DIR; };
		742711972A8BA63300AEAAB9 /* WesplitTests.swift */ = {isa = PBXFileReference; lastKnownFileType = sourcecode.swift; path = WesplitTests.swift; sourceTree = "<group>"; };
		7427119D2A8BA63300AEAAB9 /* WesplitUITests.xctest */ = {isa = PBXFileReference; explicitFileType = wrapper.cfbundle; includeInIndex = 0; path = WesplitUITests.xctest; sourceTree = BUILT_PRODUCTS_DIR; };
		742711A12A8BA63300AEAAB9 /* WesplitUITests.swift */ = {isa = PBXFileReference; lastKnownFileType = sourcecode.swift; path = WesplitUITests.swift; sourceTree = "<group>"; };
		742711A32A8BA63300AEAAB9 /* WesplitUITestsLaunchTests.swift */ = {isa = PBXFileReference; lastKnownFileType = sourcecode.swift; path = WesplitUITestsLaunchTests.swift; sourceTree = "<group>"; };
/* End PBXFileReference section */

/* Begin PBXFrameworksBuildPhase section */
		742711802A8BA63200AEAAB9 /* Frameworks */ = {
			isa = PBXFrameworksBuildPhase;
			buildActionMask = 2147483647;
			files = (
			);
			runOnlyForDeploymentPostprocessing = 0;
		};
		742711902A8BA63300AEAAB9 /* Frameworks */ = {
			isa = PBXFrameworksBuildPhase;
			buildActionMask = 2147483647;
			files = (
			);
			runOnlyForDeploymentPostprocessing = 0;
		};
		7427119A2A8BA63300AEAAB9 /* Frameworks */ = {
			isa = PBXFrameworksBuildPhase;
			buildActionMask = 2147483647;
			files = (
			);
			runOnlyForDeploymentPostprocessing = 0;
		};
/* End PBXFrameworksBuildPhase section */

/* Begin PBXGroup section */
		7427117A2A8BA63200AEAAB9 = {
			isa = PBXGroup;
			children = (
				742711852A8BA63200AEAAB9 /* Wesplit */,
				742711962A8BA63300AEAAB9 /* WesplitTests */,
				742711A02A8BA63300AEAAB9 /* WesplitUITests */,
				742711842A8BA63200AEAAB9 /* Products */,
			);
			sourceTree = "<group>";
		};
		742711842A8BA63200AEAAB9 /* Products */ = {
			isa = PBXGroup;
			children = (
				742711832A8BA63200AEAAB9 /* Wesplit.app */,
				742711932A8BA63300AEAAB9 /* WesplitTests.xctest */,
				7427119D2A8BA63300AEAAB9 /* WesplitUITests.xctest */,
			);
			name = Products;
			sourceTree = "<group>";
		};
		742711852A8BA63200AEAAB9 /* Wesplit */ = {
			isa = PBXGroup;
			children = (
				742711862A8BA63200AEAAB9 /* WesplitApp.swift */,
				742711882A8BA63200AEAAB9 /* ContentView.swift */,
				7427118A2A8BA63300AEAAB9 /* Assets.xcassets */,
				7427118C2A8BA63300AEAAB9 /* Preview Content */,
			);
			path = Wesplit;
			sourceTree = "<group>";
		};
		7427118C2A8BA63300AEAAB9 /* Preview Content */ = {
			isa = PBXGroup;
			children = (
				7427118D2A8BA63300AEAAB9 /* Preview Assets.xcassets */,
			);
			path = "Preview Content";
			sourceTree = "<group>";
		};
		742711962A8BA63300AEAAB9 /* WesplitTests */ = {
			isa = PBXGroup;
			children = (
				742711972A8BA63300AEAAB9 /* WesplitTests.swift */,
			);
			path = WesplitTests;
			sourceTree = "<group>";
		};
		742711A02A8BA63300AEAAB9 /* WesplitUITests */ = {
			isa = PBXGroup;
			children = (
				742711A12A8BA63300AEAAB9 /* WesplitUITests.swift */,
				742711A32A8BA63300AEAAB9 /* WesplitUITestsLaunchTests.swift */,
			);
			path = WesplitUITests;
			sourceTree = "<group>";
		};
/* End PBXGroup section */

/* Begin PBXNativeTarget section */
		742711822A8BA63200AEAAB9 /* Wesplit */ = {
			isa = PBXNativeTarget;
			buildConfigurationList = 742711A72A8BA63300AEAAB9 /* Build configuration list for PBXNativeTarget "Wesplit" */;
			buildPhases = (
				7427117F2A8BA63200AEAAB9 /* Sources */,
				742711802A8BA63200AEAAB9 /* Frameworks */,
				742711812A8BA63200AEAAB9 /* Resources */,
			);
			buildRules = (
			);
			dependencies = (
			);
			name = Wesplit;
			productName = Wesplit;
			productReference = 742711832A8BA63200AEAAB9 /* Wesplit.app */;
			productType = "com.apple.product-type.application";
		};
		742711922A8BA63300AEAAB9 /* WesplitTests */ = {
			isa = PBXNativeTarget;
			buildConfigurationList = 742711AA2A8BA63300AEAAB9 /* Build configuration list for PBXNativeTarget "WesplitTests" */;
			buildPhases = (
				7427118F2A8BA63300AEAAB9 /* Sources */,
				742711902A8BA63300AEAAB9 /* Frameworks */,
				742711912A8BA63300AEAAB9 /* Resources */,
			);
			buildRules = (
			);
			dependencies = (
				742711952A8BA63300AEAAB9 /* PBXTargetDependency */,
			);
			name = WesplitTests;
			productName = WesplitTests;
			productReference = 742711932A8BA63300AEAAB9 /* WesplitTests.xctest */;
			productType = "com.apple.product-type.bundle.unit-test";
		};
		7427119C2A8BA63300AEAAB9 /* WesplitUITests */ = {
			isa = PBXNativeTarget;
			buildConfigurationList = 742711AD2A8BA63300AEAAB9 /* Build configuration list for PBXNativeTarget "WesplitUITests" */;
			buildPhases = (
				742711992A8BA63300AEAAB9 /* Sources */,
				7427119A2A8BA63300AEAAB9 /* Frameworks */,
				7427119B2A8BA63300AEAAB9 /* Resources */,
			);
			buildRules = (
			);
			dependencies = (
				7427119F2A8BA63300AEAAB9 /* PBXTargetDependency */,
			);
			name = WesplitUITests;
			productName = WesplitUITests;
			productReference = 7427119D2A8BA63300AEAAB9 /* WesplitUITests.xctest */;
			productType = "com.apple.product-type.bundle.ui-testing";
		};
/* End PBXNativeTarget section */

/* Begin PBXProject section */
		7427117B2A8BA63200AEAAB9 /* Project object */ = {
			isa = PBXProject;
			attributes = {
				BuildIndependentTargetsInParallel = 1;
				LastSwiftUpdateCheck = 1320;
				LastUpgradeCheck = 1320;
				TargetAttributes = {
					742711822A8BA63200AEAAB9 = {
						CreatedOnToolsVersion = 13.2.1;
					};
					742711922A8BA63300AEAAB9 = {
						CreatedOnToolsVersion = 13.2.1;
						TestTargetID = 742711822A8BA63200AEAAB9;
					};
					7427119C2A8BA63300AEAAB9 = {
						CreatedOnToolsVersion = 13.2.1;
						TestTargetID = 742711822A8BA63200AEAAB9;
					};
				};
			};
			buildConfigurationList = 7427117E2A8BA63200AEAAB9 /* Build configuration list for PBXProject "Wesplit" */;
			compatibilityVersion = "Xcode 13.0";
			developmentRegion = en;
			hasScannedForEncodings = 0;
			knownRegions = (
				en,
				Base,
			);
			mainGroup = 7427117A2A8BA63200AEAAB9;
			productRefGroup = 742711842A8BA63200AEAAB9 /* Products */;
			projectDirPath = "";
			projectRoot = "";
			targets = (
				742711822A8BA63200AEAAB9 /* Wesplit */,
				742711922A8BA63300AEAAB9 /* WesplitTests */,
				7427119C2A8BA63300AEAAB9 /* WesplitUITests */,
			);
		};
/* End PBXProject section */

/* Begin PBXResourcesBuildPhase section */
		742711812A8BA63200AEAAB9 /* Resources */ = {
			isa = PBXResourcesBuildPhase;
			buildActionMask = 2147483647;
			files = (
				7427118E2A8BA63300AEAAB9 /* Preview Assets.xcassets in Resources */,
				7427118B2A8BA63300AEAAB9 /* Assets.xcassets in Resources */,
			);
			runOnlyForDeploymentPostprocessing = 0;
		};
		742711912A8BA63300AEAAB9 /* Resources */ = {
			isa = PBXResourcesBuildPhase;
			buildActionMask = 2147483647;
			files = (
			);
			runOnlyForDeploymentPostprocessing = 0;
		};
		7427119B2A8BA63300AEAAB9 /* Resources */ = {
			isa = PBXResourcesBuildPhase;
			buildActionMask = 2147483647;
			files = (
			);
			runOnlyForDeploymentPostprocessing = 0;
		};
/* End PBXResourcesBuildPhase section */

/* Begin PBXSourcesBuildPhase section */
		7427117F2A8BA63200AEAAB9 /* Sources */ = {
			isa = PBXSourcesBuildPhase;
			buildActionMask = 2147483647;
			files = (
				742711892A8BA63200AEAAB9 /* ContentView.swift in Sources */,
				742711872A8BA63200AEAAB9 /* WesplitApp.swift in Sources */,
			);
			runOnlyForDeploymentPostprocessing = 0;
		};
		7427118F2A8BA63300AEAAB9 /* Sources */ = {
			isa = PBXSourcesBuildPhase;
			buildActionMask = 2147483647;
			files = (
				742711982A8BA63300AEAAB9 /* WesplitTests.swift in Sources */,
			);
			runOnlyForDeploymentPostprocessing = 0;
		};
		742711992A8BA63300AEAAB9 /* Sources */ = {
			isa = PBXSourcesBuildPhase;
			buildActionMask = 2147483647;
			files = (
				742711A22A8BA63300AEAAB9 /* WesplitUITests.swift in Sources */,
				742711A42A8BA63300AEAAB9 /* WesplitUITestsLaunchTests.swift in Sources */,
			);
			runOnlyForDeploymentPostprocessing = 0;
		};
/* End PBXSourcesBuildPhase section */

/* Begin PBXTargetDependency section */
		742711952A8BA63300AEAAB9 /* PBXTargetDependency */ = {
			isa = PBXTargetDependency;
			target = 742711822A8BA63200AEAAB9 /* Wesplit */;
			targetProxy = 742711942A8BA63300AEAAB9 /* PBXContainerItemProxy */;
		};
		7427119F2A8BA63300AEAAB9 /* PBXTargetDependency */ = {
			isa = PBXTargetDependency;
			target = 742711822A8BA63200AEAAB9 /* Wesplit */;
			targetProxy = 7427119E2A8BA63300AEAAB9 /* PBXContainerItemProxy */;
		};
/* End PBXTargetDependency section */

/* Begin XCBuildConfiguration section */
		742711A52A8BA63300AEAAB9 /* Debug */ = {
			isa = XCBuildConfiguration;
			buildSettings = {
				ALWAYS_SEARCH_USER_PATHS = NO;
				CLANG_ANALYZER_NONNULL = YES;
				CLANG_ANALYZER_NUMBER_OBJECT_CONVERSION = YES_AGGRESSIVE;
				CLANG_CXX_LANGUAGE_STANDARD = "gnu++17";
				CLANG_CXX_LIBRARY = "libc++";
				CLANG_ENABLE_MODULES = YES;
				CLANG_ENABLE_OBJC_ARC = YES;
				CLANG_ENABLE_OBJC_WEAK = YES;
				CLANG_WARN_BLOCK_CAPTURE_AUTORELEASING = YES;
				CLANG_WARN_BOOL_CONVERSION = YES;
				CLANG_WARN_COMMA = YES;
				CLANG_WARN_CONSTANT_CONVERSION = YES;
				CLANG_WARN_DEPRECATED_OBJC_IMPLEMENTATIONS = YES;
				CLANG_WARN_DIRECT_OBJC_ISA_USAGE = YES_ERROR;
				CLANG_WARN_DOCUMENTATION_COMMENTS = YES;
				CLANG_WARN_EMPTY_BODY = YES;
				CLANG_WARN_ENUM_CONVERSION = YES;
				CLANG_WARN_INFINITE_RECURSION = YES;
				CLANG_WARN_INT_CONVERSION = YES;
				CLANG_WARN_NON_LITERAL_NULL_CONVERSION = YES;
				CLANG_WARN_OBJC_IMPLICIT_RETAIN_SELF = YES;
				CLANG_WARN_OBJC_LITERAL_CONVERSION = YES;
				CLANG_WARN_OBJC_ROOT_CLASS = YES_ERROR;
				CLANG_WARN_QUOTED_INCLUDE_IN_FRAMEWORK_HEADER = YES;
				CLANG_WARN_RANGE_LOOP_ANALYSIS = YES;
				CLANG_WARN_STRICT_PROTOTYPES = YES;
				CLANG_WARN_SUSPICIOUS_MOVE = YES;
				CLANG_WARN_UNGUARDED_AVAILABILITY = YES_AGGRESSIVE;
				CLANG_WARN_UNREACHABLE_CODE = YES;
				CLANG_WARN__DUPLICATE_METHOD_MATCH = YES;
				COPY_PHASE_STRIP = NO;
				DEBUG_INFORMATION_FORMAT = dwarf;
				ENABLE_STRICT_OBJC_MSGSEND = YES;
				ENABLE_TESTABILITY = YES;
				GCC_C_LANGUAGE_STANDARD = gnu11;
				GCC_DYNAMIC_NO_PIC = NO;
				GCC_NO_COMMON_BLOCKS = YES;
				GCC_OPTIMIZATION_LEVEL = 0;
				GCC_PREPROCESSOR_DEFINITIONS = (
					"DEBUG=1",
					"$(inherited)",
				);
				GCC_WARN_64_TO_32_BIT_CONVERSION = YES;
				GCC_WARN_ABOUT_RETURN_TYPE = YES_ERROR;
				GCC_WARN_UNDECLARED_SELECTOR = YES;
				GCC_WARN_UNINITIALIZED_AUTOS = YES_AGGRESSIVE;
				GCC_WARN_UNUSED_FUNCTION = YES;
				GCC_WARN_UNUSED_VARIABLE = YES;
				IPHONEOS_DEPLOYMENT_TARGET = 15.2;
				MTL_ENABLE_DEBUG_INFO = INCLUDE_SOURCE;
				MTL_FAST_MATH = YES;
				ONLY_ACTIVE_ARCH = YES;
				SDKROOT = iphoneos;
				SWIFT_ACTIVE_COMPILATION_CONDITIONS = DEBUG;
				SWIFT_OPTIMIZATION_LEVEL = "-Onone";
			};
			name = Debug;
		};
		742711A62A8BA63300AEAAB9 /* Release */ = {
			isa = XCBuildConfiguration;
			buildSettings = {
				ALWAYS_SEARCH_USER_PATHS = NO;
				CLANG_ANALYZER_NONNULL = YES;
				CLANG_ANALYZER_NUMBER_OBJECT_CONVERSION = YES_AGGRESSIVE;
				CLANG_CXX_LANGUAGE_STANDARD = "gnu++17";
				CLANG_CXX_LIBRARY = "libc++";
				CLANG_ENABLE_MODULES = YES;
				CLANG_ENABLE_OBJC_ARC = YES;
				CLANG_ENABLE_OBJC_WEAK = YES;
				CLANG_WARN_BLOCK_CAPTURE_AUTORELEASING = YES;
				CLANG_WARN_BOOL_CONVERSION = YES;
				CLANG_WARN_COMMA = YES;
				CLANG_WARN_CONSTANT_CONVERSION = YES;
				CLANG_WARN_DEPRECATED_OBJC_IMPLEMENTATIONS = YES;
				CLANG_WARN_DIRECT_OBJC_ISA_USAGE = YES_ERROR;
				CLANG_WARN_DOCUMENTATION_COMMENTS = YES;
				CLANG_WARN_EMPTY_BODY = YES;
				CLANG_WARN_ENUM_CONVERSION = YES;
				CLANG_WARN_INFINITE_RECURSION = YES;
				CLANG_WARN_INT_CONVERSION = YES;
				CLANG_WARN_NON_LITERAL_NULL_CONVERSION = YES;
				CLANG_WARN_OBJC_IMPLICIT_RETAIN_SELF = YES;
				CLANG_WARN_OBJC_LITERAL_CONVERSION = YES;
				CLANG_WARN_OBJC_ROOT_CLASS = YES_ERROR;
				CLANG_WARN_QUOTED_INCLUDE_IN_FRAMEWORK_HEADER = YES;
				CLANG_WARN_RANGE_LOOP_ANALYSIS = YES;
				CLANG_WARN_STRICT_PROTOTYPES = YES;
				CLANG_WARN_SUSPICIOUS_MOVE = YES;
				CLANG_WARN_UNGUARDED_AVAILABILITY = YES_AGGRESSIVE;
				CLANG_WARN_UNREACHABLE_CODE = YES;
				CLANG_WARN__DUPLICATE_METHOD_MATCH = YES;
				COPY_PHASE_STRIP = NO;
				DEBUG_INFORMATION_FORMAT = "dwarf-with-dsym";
				ENABLE_NS_ASSERTIONS = NO;
				ENABLE_STRICT_OBJC_MSGSEND = YES;
				GCC_C_LANGUAGE_STANDARD = gnu11;
				GCC_NO_COMMON_BLOCKS = YES;
				GCC_WARN_64_TO_32_BIT_CONVERSION = YES;
				GCC_WARN_ABOUT_RETURN_TYPE = YES_ERROR;
				GCC_WARN_UNDECLARED_SELECTOR = YES;
				GCC_WARN_UNINITIALIZED_AUTOS = YES_AGGRESSIVE;
				GCC_WARN_UNUSED_FUNCTION = YES;
				GCC_WARN_UNUSED_VARIABLE = YES;
				IPHONEOS_DEPLOYMENT_TARGET = 15.2;
				MTL_ENABLE_DEBUG_INFO = NO;
				MTL_FAST_MATH = YES;
				SDKROOT = iphoneos;
				SWIFT_COMPILATION_MODE = wholemodule;
				SWIFT_OPTIMIZATION_LEVEL = "-O";
				VALIDATE_PRODUCT = YES;
			};
			name = Release;
		};
		742711A82A8BA63300AEAAB9 /* Debug */ = {
			isa = XCBuildConfiguration;
			buildSettings = {
				ASSETCATALOG_COMPILER_APPICON_NAME = AppIcon;
				ASSETCATALOG_COMPILER_GLOBAL_ACCENT_COLOR_NAME = AccentColor;
				CODE_SIGN_STYLE = Automatic;
				CURRENT_PROJECT_VERSION = 1;
				DEVELOPMENT_ASSET_PATHS = "\"Wesplit/Preview Content\"";
				ENABLE_PREVIEWS = YES;
				GENERATE_INFOPLIST_FILE = YES;
				INFOPLIST_KEY_UIApplicationSceneManifest_Generation = YES;
				INFOPLIST_KEY_UIApplicationSupportsIndirectInputEvents = YES;
				INFOPLIST_KEY_UILaunchScreen_Generation = YES;
				INFOPLIST_KEY_UISupportedInterfaceOrientations_iPad = "UIInterfaceOrientationPortrait UIInterfaceOrientationPortraitUpsideDown UIInterfaceOrientationLandscapeLeft UIInterfaceOrientationLandscapeRight";
				INFOPLIST_KEY_UISupportedInterfaceOrientations_iPhone = "UIInterfaceOrientationPortrait UIInterfaceOrientationLandscapeLeft UIInterfaceOrientationLandscapeRight";
				LD_RUNPATH_SEARCH_PATHS = (
					"$(inherited)",
					"@executable_path/Frameworks",
				);
				MARKETING_VERSION = 1.0;
				PRODUCT_BUNDLE_IDENTIFIER = temp.Wesplit;
				PRODUCT_NAME = "$(TARGET_NAME)";
				SWIFT_EMIT_LOC_STRINGS = YES;
				SWIFT_VERSION = 5.0;
				TARGETED_DEVICE_FAMILY = "1,2";
			};
			name = Debug;
		};
		742711A92A8BA63300AEAAB9 /* Release */ = {
			isa = XCBuildConfiguration;
			buildSettings = {
				ASSETCATALOG_COMPILER_APPICON_NAME = AppIcon;
				ASSETCATALOG_COMPILER_GLOBAL_ACCENT_COLOR_NAME = AccentColor;
				CODE_SIGN_STYLE = Automatic;
				CURRENT_PROJECT_VERSION = 1;
				DEVELOPMENT_ASSET_PATHS = "\"Wesplit/Preview Content\"";
				ENABLE_PREVIEWS = YES;
				GENERATE_INFOPLIST_FILE = YES;
				INFOPLIST_KEY_UIApplicationSceneManifest_Generation = YES;
				INFOPLIST_KEY_UIApplicationSupportsIndirectInputEvents = YES;
				INFOPLIST_KEY_UILaunchScreen_Generation = YES;
				INFOPLIST_KEY_UISupportedInterfaceOrientations_iPad = "UIInterfaceOrientationPortrait UIInterfaceOrientationPortraitUpsideDown UIInterfaceOrientationLandscapeLeft UIInterfaceOrientationLandscapeRight";
				INFOPLIST_KEY_UISupportedInterfaceOrientations_iPhone = "UIInterfaceOrientationPortrait UIInterfaceOrientationLandscapeLeft UIInterfaceOrientationLandscapeRight";
				LD_RUNPATH_SEARCH_PATHS = (
					"$(inherited)",
					"@executable_path/Frameworks",
				);
				MARKETING_VERSION = 1.0;
				PRODUCT_BUNDLE_IDENTIFIER = temp.Wesplit;
				PRODUCT_NAME = "$(TARGET_NAME)";
				SWIFT_EMIT_LOC_STRINGS = YES;
				SWIFT_VERSION = 5.0;
				TARGETED_DEVICE_FAMILY = "1,2";
			};
			name = Release;
		};
		742711AB2A8BA63300AEAAB9 /* Debug */ = {
			isa = XCBuildConfiguration;
			buildSettings = {
				ALWAYS_EMBED_SWIFT_STANDARD_LIBRARIES = YES;
				BUNDLE_LOADER = "$(TEST_HOST)";
				CODE_SIGN_STYLE = Automatic;
				CURRENT_PROJECT_VERSION = 1;
				GENERATE_INFOPLIST_FILE = YES;
				IPHONEOS_DEPLOYMENT_TARGET = 15.2;
				MARKETING_VERSION = 1.0;
				PRODUCT_BUNDLE_IDENTIFIER = temp.WesplitTests;
				PRODUCT_NAME = "$(TARGET_NAME)";
				SWIFT_EMIT_LOC_STRINGS = NO;
				SWIFT_VERSION = 5.0;
				TARGETED_DEVICE_FAMILY = "1,2";
				TEST_HOST = "$(BUILT_PRODUCTS_DIR)/Wesplit.app/Wesplit";
			};
			name = Debug;
		};
		742711AC2A8BA63300AEAAB9 /* Release */ = {
			isa = XCBuildConfiguration;
			buildSettings = {
				ALWAYS_EMBED_SWIFT_STANDARD_LIBRARIES = YES;
				BUNDLE_LOADER = "$(TEST_HOST)";
				CODE_SIGN_STYLE = Automatic;
				CURRENT_PROJECT_VERSION = 1;
				GENERATE_INFOPLIST_FILE = YES;
				IPHONEOS_DEPLOYMENT_TARGET = 15.2;
				MARKETING_VERSION = 1.0;
				PRODUCT_BUNDLE_IDENTIFIER = temp.WesplitTests;
				PRODUCT_NAME = "$(TARGET_NAME)";
				SWIFT_EMIT_LOC_STRINGS = NO;
				SWIFT_VERSION = 5.0;
				TARGETED_DEVICE_FAMILY = "1,2";
				TEST_HOST = "$(BUILT_PRODUCTS_DIR)/Wesplit.app/Wesplit";
			};
			name = Release;
		};
		742711AE2A8BA63300AEAAB9 /* Debug */ = {
			isa = XCBuildConfiguration;
			buildSettings = {
				ALWAYS_EMBED_SWIFT_STANDARD_LIBRARIES = YES;
				CODE_SIGN_STYLE = Automatic;
				CURRENT_PROJECT_VERSION = 1;
				GENERATE_INFOPLIST_FILE = YES;
				MARKETING_VERSION = 1.0;
				PRODUCT_BUNDLE_IDENTIFIER = temp.WesplitUITests;
				PRODUCT_NAME = "$(TARGET_NAME)";
				SWIFT_EMIT_LOC_STRINGS = NO;
				SWIFT_VERSION = 5.0;
				TARGETED_DEVICE_FAMILY = "1,2";
				TEST_TARGET_NAME = Wesplit;
			};
			name = Debug;
		};
		742711AF2A8BA63300AEAAB9 /* Release */ = {
			isa = XCBuildConfiguration;
			buildSettings = {
				ALWAYS_EMBED_SWIFT_STANDARD_LIBRARIES = YES;
				CODE_SIGN_STYLE = Automatic;
				CURRENT_PROJECT_VERSION = 1;
				GENERATE_INFOPLIST_FILE = YES;
				MARKETING_VERSION = 1.0;
				PRODUCT_BUNDLE_IDENTIFIER = temp.WesplitUITests;
				PRODUCT_NAME = "$(TARGET_NAME)";
				SWIFT_EMIT_LOC_STRINGS = NO;
				SWIFT_VERSION = 5.0;
				TARGETED_DEVICE_FAMILY = "1,2";
				TEST_TARGET_NAME = Wesplit;
			};
			name = Release;
		};
/* End XCBuildConfiguration section */

/* Begin XCConfigurationList section */
		7427117E2A8BA63200AEAAB9 /* Build configuration list for PBXProject "Wesplit" */ = {
			isa = XCConfigurationList;
			buildConfigurations = (
				742711A52A8BA63300AEAAB9 /* Debug */,
				742711A62A8BA63300AEAAB9 /* Release */,
			);
			defaultConfigurationIsVisible = 0;
			defaultConfigurationName = Release;
		};
		742711A72A8BA63300AEAAB9 /* Build configuration list for PBXNativeTarget "Wesplit" */ = {
			isa = XCConfigurationList;
			buildConfigurations = (
				742711A82A8BA63300AEAAB9 /* Debug */,
				742711A92A8BA63300AEAAB9 /* Release */,
			);
			defaultConfigurationIsVisible = 0;
			defaultConfigurationName = Release;
		};
		742711AA2A8BA63300AEAAB9 /* Build configuration list for PBXNativeTarget "WesplitTests" */ = {
			isa = XCConfigurationList;
			buildConfigurations = (
				742711AB2A8BA63300AEAAB9 /* Debug */,
				742711AC2A8BA63300AEAAB9 /* Release */,
			);
			defaultConfigurationIsVisible = 0;
			defaultConfigurationName = Release;
		};
		742711AD2A8BA63300AEAAB9 /* Build configuration list for PBXNativeTarget "WesplitUITests" */ = {
			isa = XCConfigurationList;
			buildConfigurations = (
				742711AE2A8BA63300AEAAB9 /* Debug */,
				742711AF2A8BA63300AEAAB9 /* Release */,
			);
			defaultConfigurationIsVisible = 0;
			defaultConfigurationName = Release;
		};
/* End XCConfigurationList section */
	};
	rootObject = 7427117B2A8BA63200AEAAB9 /* Project object */;
}
